// !$*UTF8*$!
{
	archiveVersion = 1;
	classes = {
	};
	objectVersion = 55;
	objects = {

/* Begin PBXBuildFile section */
		B20C224F288DA71800E10E8A /* HeroHeaderUIView.swift in Sources */ = {isa = PBXBuildFile; fileRef = B20C224E288DA71800E10E8A /* HeroHeaderUIView.swift */; };
		B23BB400285EEEF4005172D2 /* CollectionViewTableViewCell.swift in Sources */ = {isa = PBXBuildFile; fileRef = B23BB3FF285EEEF4005172D2 /* CollectionViewTableViewCell.swift */; };
		B28356ED285E2D40009E9604 /* AppDelegate.swift in Sources */ = {isa = PBXBuildFile; fileRef = B28356EC285E2D40009E9604 /* AppDelegate.swift */; };
		B28356EF285E2D40009E9604 /* SceneDelegate.swift in Sources */ = {isa = PBXBuildFile; fileRef = B28356EE285E2D40009E9604 /* SceneDelegate.swift */; };
		B28356F1285E2D40009E9604 /* MainTabBarViewController.swift in Sources */ = {isa = PBXBuildFile; fileRef = B28356F0285E2D40009E9604 /* MainTabBarViewController.swift */; };
		B28356F6285E2D42009E9604 /* Assets.xcassets in Resources */ = {isa = PBXBuildFile; fileRef = B28356F5285E2D42009E9604 /* Assets.xcassets */; };
		B28356F9285E2D42009E9604 /* LaunchScreen.storyboard in Resources */ = {isa = PBXBuildFile; fileRef = B28356F7285E2D42009E9604 /* LaunchScreen.storyboard */; };
		B2835702285E2EFD009E9604 /* HomeViewController.swift in Sources */ = {isa = PBXBuildFile; fileRef = B2835701285E2EFD009E9604 /* HomeViewController.swift */; };
		B2835704285E2F19009E9604 /* UpcomingViewController.swift in Sources */ = {isa = PBXBuildFile; fileRef = B2835703285E2F19009E9604 /* UpcomingViewController.swift */; };
		B2835706285E2F2F009E9604 /* SearchViewController.swift in Sources */ = {isa = PBXBuildFile; fileRef = B2835705285E2F2F009E9604 /* SearchViewController.swift */; };
		B2835708285E2F3F009E9604 /* DownloadsViewController.swift in Sources */ = {isa = PBXBuildFile; fileRef = B2835707285E2F3F009E9604 /* DownloadsViewController.swift */; };
		B28ABBBB289047C10066BFF0 /* APICaller.swift in Sources */ = {isa = PBXBuildFile; fileRef = B28ABBBA289047C10066BFF0 /* APICaller.swift */; };
		B28ABBBE28904AA60066BFF0 /* Title.swift in Sources */ = {isa = PBXBuildFile; fileRef = B28ABBBD28904AA60066BFF0 /* Title.swift */; };
		B29C381328918EF3000408C6 /* TitleCollectionViewCell.swift in Sources */ = {isa = PBXBuildFile; fileRef = B29C381228918EF3000408C6 /* TitleCollectionViewCell.swift */; };
		B29C381628918FF5000408C6 /* SDWebImage in Frameworks */ = {isa = PBXBuildFile; productRef = B29C381528918FF5000408C6 /* SDWebImage */; };
		B29C381828918FF5000408C6 /* SDWebImageMapKit in Frameworks */ = {isa = PBXBuildFile; productRef = B29C381728918FF5000408C6 /* SDWebImageMapKit */; };
		B29C381A28919ABB000408C6 /* TitleTableViewCell.swift in Sources */ = {isa = PBXBuildFile; fileRef = B29C381928919ABB000408C6 /* TitleTableViewCell.swift */; };
/* End PBXBuildFile section */

/* Begin PBXFileReference section */
		B20C224E288DA71800E10E8A /* HeroHeaderUIView.swift */ = {isa = PBXFileReference; lastKnownFileType = sourcecode.swift; path = HeroHeaderUIView.swift; sourceTree = "<group>"; };
		B23BB3FF285EEEF4005172D2 /* CollectionViewTableViewCell.swift */ = {isa = PBXFileReference; lastKnownFileType = sourcecode.swift; path = CollectionViewTableViewCell.swift; sourceTree = "<group>"; };
		B28356E9285E2D40009E9604 /* Netflix Clone.app */ = {isa = PBXFileReference; explicitFileType = wrapper.application; includeInIndex = 0; path = "Netflix Clone.app"; sourceTree = BUILT_PRODUCTS_DIR; };
		B28356EC285E2D40009E9604 /* AppDelegate.swift */ = {isa = PBXFileReference; lastKnownFileType = sourcecode.swift; path = AppDelegate.swift; sourceTree = "<group>"; };
		B28356EE285E2D40009E9604 /* SceneDelegate.swift */ = {isa = PBXFileReference; lastKnownFileType = sourcecode.swift; path = SceneDelegate.swift; sourceTree = "<group>"; };
		B28356F0285E2D40009E9604 /* MainTabBarViewController.swift */ = {isa = PBXFileReference; lastKnownFileType = sourcecode.swift; path = MainTabBarViewController.swift; sourceTree = "<group>"; };
		B28356F5285E2D42009E9604 /* Assets.xcassets */ = {isa = PBXFileReference; lastKnownFileType = folder.assetcatalog; path = Assets.xcassets; sourceTree = "<group>"; };
		B28356F8285E2D42009E9604 /* Base */ = {isa = PBXFileReference; lastKnownFileType = file.storyboard; name = Base; path = Base.lproj/LaunchScreen.storyboard; sourceTree = "<group>"; };
		B28356FA285E2D42009E9604 /* Info.plist */ = {isa = PBXFileReference; lastKnownFileType = text.plist.xml; path = Info.plist; sourceTree = "<group>"; };
		B2835701285E2EFD009E9604 /* HomeViewController.swift */ = {isa = PBXFileReference; lastKnownFileType = sourcecode.swift; path = HomeViewController.swift; sourceTree = "<group>"; };
		B2835703285E2F19009E9604 /* UpcomingViewController.swift */ = {isa = PBXFileReference; lastKnownFileType = sourcecode.swift; path = UpcomingViewController.swift; sourceTree = "<group>"; };
		B2835705285E2F2F009E9604 /* SearchViewController.swift */ = {isa = PBXFileReference; lastKnownFileType = sourcecode.swift; path = SearchViewController.swift; sourceTree = "<group>"; };
		B2835707285E2F3F009E9604 /* DownloadsViewController.swift */ = {isa = PBXFileReference; lastKnownFileType = sourcecode.swift; path = DownloadsViewController.swift; sourceTree = "<group>"; };
		B28ABBBA289047C10066BFF0 /* APICaller.swift */ = {isa = PBXFileReference; lastKnownFileType = sourcecode.swift; path = APICaller.swift; sourceTree = "<group>"; };
		B28ABBBD28904AA60066BFF0 /* Title.swift */ = {isa = PBXFileReference; lastKnownFileType = sourcecode.swift; path = Title.swift; sourceTree = "<group>"; };
		B29C381228918EF3000408C6 /* TitleCollectionViewCell.swift */ = {isa = PBXFileReference; lastKnownFileType = sourcecode.swift; path = TitleCollectionViewCell.swift; sourceTree = "<group>"; };
		B29C381928919ABB000408C6 /* TitleTableViewCell.swift */ = {isa = PBXFileReference; lastKnownFileType = sourcecode.swift; path = TitleTableViewCell.swift; sourceTree = "<group>"; };
/* End PBXFileReference section */

/* Begin PBXFrameworksBuildPhase section */
		B28356E6285E2D40009E9604 /* Frameworks */ = {
			isa = PBXFrameworksBuildPhase;
			buildActionMask = 2147483647;
			files = (
				B29C381828918FF5000408C6 /* SDWebImageMapKit in Frameworks */,
				B29C381628918FF5000408C6 /* SDWebImage in Frameworks */,
			);
			runOnlyForDeploymentPostprocessing = 0;
		};
/* End PBXFrameworksBuildPhase section */

/* Begin PBXGroup section */
		B20C2250288DA71D00E10E8A /* Views */ = {
			isa = PBXGroup;
			children = (
				B23BB3FF285EEEF4005172D2 /* CollectionViewTableViewCell.swift */,
				B20C224E288DA71800E10E8A /* HeroHeaderUIView.swift */,
				B29C381228918EF3000408C6 /* TitleCollectionViewCell.swift */,
				B29C381928919ABB000408C6 /* TitleTableViewCell.swift */,
			);
			path = Views;
			sourceTree = "<group>";
		};
		B28356E0285E2D40009E9604 = {
			isa = PBXGroup;
			children = (
				B28356EB285E2D40009E9604 /* Netflix Clone */,
				B28356EA285E2D40009E9604 /* Products */,
			);
			sourceTree = "<group>";
		};
		B28356EA285E2D40009E9604 /* Products */ = {
			isa = PBXGroup;
			children = (
				B28356E9285E2D40009E9604 /* Netflix Clone.app */,
			);
			name = Products;
			sourceTree = "<group>";
		};
		B28356EB285E2D40009E9604 /* Netflix Clone */ = {
			isa = PBXGroup;
			children = (
				B28ABBBC28904A980066BFF0 /* Models */,
				B28ABBB92890479C0066BFF0 /* Managers */,
				B20C2250288DA71D00E10E8A /* Views */,
				B2835700285E2ECD009E9604 /* Controllers */,
				B28356EC285E2D40009E9604 /* AppDelegate.swift */,
				B28356EE285E2D40009E9604 /* SceneDelegate.swift */,
				B28356F5285E2D42009E9604 /* Assets.xcassets */,
				B28356F7285E2D42009E9604 /* LaunchScreen.storyboard */,
				B28356FA285E2D42009E9604 /* Info.plist */,
			);
			path = "Netflix Clone";
			sourceTree = "<group>";
		};
		B2835700285E2ECD009E9604 /* Controllers */ = {
			isa = PBXGroup;
			children = (
				B28356F0285E2D40009E9604 /* MainTabBarViewController.swift */,
				B2835701285E2EFD009E9604 /* HomeViewController.swift */,
				B2835703285E2F19009E9604 /* UpcomingViewController.swift */,
				B2835705285E2F2F009E9604 /* SearchViewController.swift */,
				B2835707285E2F3F009E9604 /* DownloadsViewController.swift */,
			);
			path = Controllers;
			sourceTree = "<group>";
		};
		B28ABBB92890479C0066BFF0 /* Managers */ = {
			isa = PBXGroup;
			children = (
				B28ABBBA289047C10066BFF0 /* APICaller.swift */,
			);
			path = Managers;
			sourceTree = "<group>";
		};
		B28ABBBC28904A980066BFF0 /* Models */ = {
			isa = PBXGroup;
			children = (
				B28ABBBD28904AA60066BFF0 /* Title.swift */,
			);
			path = Models;
			sourceTree = "<group>";
		};
/* End PBXGroup section */

/* Begin PBXNativeTarget section */
		B28356E8285E2D40009E9604 /* Netflix Clone */ = {
			isa = PBXNativeTarget;
			buildConfigurationList = B28356FD285E2D42009E9604 /* Build configuration list for PBXNativeTarget "Netflix Clone" */;
			buildPhases = (
				B28356E5285E2D40009E9604 /* Sources */,
				B28356E6285E2D40009E9604 /* Frameworks */,
				B28356E7285E2D40009E9604 /* Resources */,
			);
			buildRules = (
			);
			dependencies = (
			);
			name = "Netflix Clone";
			packageProductDependencies = (
				B29C381528918FF5000408C6 /* SDWebImage */,
				B29C381728918FF5000408C6 /* SDWebImageMapKit */,
			);
			productName = "Netflix Clone";
			productReference = B28356E9285E2D40009E9604 /* Netflix Clone.app */;
			productType = "com.apple.product-type.application";
		};
/* End PBXNativeTarget section */

/* Begin PBXProject section */
		B28356E1285E2D40009E9604 /* Project object */ = {
			isa = PBXProject;
			attributes = {
				BuildIndependentTargetsInParallel = 1;
				LastSwiftUpdateCheck = 1340;
				LastUpgradeCheck = 1340;
				TargetAttributes = {
					B28356E8285E2D40009E9604 = {
						CreatedOnToolsVersion = 13.4;
					};
				};
			};
			buildConfigurationList = B28356E4285E2D40009E9604 /* Build configuration list for PBXProject "Netflix Clone" */;
			compatibilityVersion = "Xcode 13.0";
			developmentRegion = en;
			hasScannedForEncodings = 0;
			knownRegions = (
				en,
				Base,
			);
			mainGroup = B28356E0285E2D40009E9604;
			packageReferences = (
				B29C381428918FF5000408C6 /* XCRemoteSwiftPackageReference "SDWebImage" */,
			);
			productRefGroup = B28356EA285E2D40009E9604 /* Products */;
			projectDirPath = "";
			projectRoot = "";
			targets = (
				B28356E8285E2D40009E9604 /* Netflix Clone */,
			);
		};
/* End PBXProject section */

/* Begin PBXResourcesBuildPhase section */
		B28356E7285E2D40009E9604 /* Resources */ = {
			isa = PBXResourcesBuildPhase;
			buildActionMask = 2147483647;
			files = (
				B28356F9285E2D42009E9604 /* LaunchScreen.storyboard in Resources */,
				B28356F6285E2D42009E9604 /* Assets.xcassets in Resources */,
			);
			runOnlyForDeploymentPostprocessing = 0;
		};
/* End PBXResourcesBuildPhase section */

/* Begin PBXSourcesBuildPhase section */
		B28356E5285E2D40009E9604 /* Sources */ = {
			isa = PBXSourcesBuildPhase;
			buildActionMask = 2147483647;
			files = (
				B2835706285E2F2F009E9604 /* SearchViewController.swift in Sources */,
				B23BB400285EEEF4005172D2 /* CollectionViewTableViewCell.swift in Sources */,
				B29C381A28919ABB000408C6 /* TitleTableViewCell.swift in Sources */,
				B28356F1285E2D40009E9604 /* MainTabBarViewController.swift in Sources */,
				B28ABBBB289047C10066BFF0 /* APICaller.swift in Sources */,
				B20C224F288DA71800E10E8A /* HeroHeaderUIView.swift in Sources */,
				B2835708285E2F3F009E9604 /* DownloadsViewController.swift in Sources */,
				B28356ED285E2D40009E9604 /* AppDelegate.swift in Sources */,
				B28356EF285E2D40009E9604 /* SceneDelegate.swift in Sources */,
				B2835704285E2F19009E9604 /* UpcomingViewController.swift in Sources */,
				B29C381328918EF3000408C6 /* TitleCollectionViewCell.swift in Sources */,
				B28ABBBE28904AA60066BFF0 /* Title.swift in Sources */,
				B2835702285E2EFD009E9604 /* HomeViewController.swift in Sources */,
			);
			runOnlyForDeploymentPostprocessing = 0;
		};
/* End PBXSourcesBuildPhase section */

/* Begin PBXVariantGroup section */
		B28356F7285E2D42009E9604 /* LaunchScreen.storyboard */ = {
			isa = PBXVariantGroup;
			children = (
				B28356F8285E2D42009E9604 /* Base */,
			);
			name = LaunchScreen.storyboard;
			sourceTree = "<group>";
		};
/* End PBXVariantGroup section */

/* Begin XCBuildConfiguration section */
		B28356FB285E2D42009E9604 /* Debug */ = {
			isa = XCBuildConfiguration;
			buildSettings = {
				ALWAYS_SEARCH_USER_PATHS = NO;
				CLANG_ANALYZER_NONNULL = YES;
				CLANG_ANALYZER_NUMBER_OBJECT_CONVERSION = YES_AGGRESSIVE;
				CLANG_CXX_LANGUAGE_STANDARD = "gnu++17";
				CLANG_ENABLE_MODULES = YES;
				CLANG_ENABLE_OBJC_ARC = YES;
				CLANG_ENABLE_OBJC_WEAK = YES;
				CLANG_WARN_BLOCK_CAPTURE_AUTORELEASING = YES;
				CLANG_WARN_BOOL_CONVERSION = YES;
				CLANG_WARN_COMMA = YES;
				CLANG_WARN_CONSTANT_CONVERSION = YES;
				CLANG_WARN_DEPRECATED_OBJC_IMPLEMENTATIONS = YES;
				CLANG_WARN_DIRECT_OBJC_ISA_USAGE = YES_ERROR;
				CLANG_WARN_DOCUMENTATION_COMMENTS = YES;
				CLANG_WARN_EMPTY_BODY = YES;
				CLANG_WARN_ENUM_CONVERSION = YES;
				CLANG_WARN_INFINITE_RECURSION = YES;
				CLANG_WARN_INT_CONVERSION = YES;
				CLANG_WARN_NON_LITERAL_NULL_CONVERSION = YES;
				CLANG_WARN_OBJC_IMPLICIT_RETAIN_SELF = YES;
				CLANG_WARN_OBJC_LITERAL_CONVERSION = YES;
				CLANG_WARN_OBJC_ROOT_CLASS = YES_ERROR;
				CLANG_WARN_QUOTED_INCLUDE_IN_FRAMEWORK_HEADER = YES;
				CLANG_WARN_RANGE_LOOP_ANALYSIS = YES;
				CLANG_WARN_STRICT_PROTOTYPES = YES;
				CLANG_WARN_SUSPICIOUS_MOVE = YES;
				CLANG_WARN_UNGUARDED_AVAILABILITY = YES_AGGRESSIVE;
				CLANG_WARN_UNREACHABLE_CODE = YES;
				CLANG_WARN__DUPLICATE_METHOD_MATCH = YES;
				COPY_PHASE_STRIP = NO;
				DEBUG_INFORMATION_FORMAT = dwarf;
				ENABLE_STRICT_OBJC_MSGSEND = YES;
				ENABLE_TESTABILITY = YES;
				GCC_C_LANGUAGE_STANDARD = gnu11;
				GCC_DYNAMIC_NO_PIC = NO;
				GCC_NO_COMMON_BLOCKS = YES;
				GCC_OPTIMIZATION_LEVEL = 0;
				GCC_PREPROCESSOR_DEFINITIONS = (
					"DEBUG=1",
					"$(inherited)",
				);
				GCC_WARN_64_TO_32_BIT_CONVERSION = YES;
				GCC_WARN_ABOUT_RETURN_TYPE = YES_ERROR;
				GCC_WARN_UNDECLARED_SELECTOR = YES;
				GCC_WARN_UNINITIALIZED_AUTOS = YES_AGGRESSIVE;
				GCC_WARN_UNUSED_FUNCTION = YES;
				GCC_WARN_UNUSED_VARIABLE = YES;
				IPHONEOS_DEPLOYMENT_TARGET = 15.5;
				MTL_ENABLE_DEBUG_INFO = INCLUDE_SOURCE;
				MTL_FAST_MATH = YES;
				ONLY_ACTIVE_ARCH = YES;
				SDKROOT = iphoneos;
				SWIFT_ACTIVE_COMPILATION_CONDITIONS = DEBUG;
				SWIFT_OPTIMIZATION_LEVEL = "-Onone";
			};
			name = Debug;
		};
		B28356FC285E2D42009E9604 /* Release */ = {
			isa = XCBuildConfiguration;
			buildSettings = {
				ALWAYS_SEARCH_USER_PATHS = NO;
				CLANG_ANALYZER_NONNULL = YES;
				CLANG_ANALYZER_NUMBER_OBJECT_CONVERSION = YES_AGGRESSIVE;
				CLANG_CXX_LANGUAGE_STANDARD = "gnu++17";
				CLANG_ENABLE_MODULES = YES;
				CLANG_ENABLE_OBJC_ARC = YES;
				CLANG_ENABLE_OBJC_WEAK = YES;
				CLANG_WARN_BLOCK_CAPTURE_AUTORELEASING = YES;
				CLANG_WARN_BOOL_CONVERSION = YES;
				CLANG_WARN_COMMA = YES;
				CLANG_WARN_CONSTANT_CONVERSION = YES;
				CLANG_WARN_DEPRECATED_OBJC_IMPLEMENTATIONS = YES;
				CLANG_WARN_DIRECT_OBJC_ISA_USAGE = YES_ERROR;
				CLANG_WARN_DOCUMENTATION_COMMENTS = YES;
				CLANG_WARN_EMPTY_BODY = YES;
				CLANG_WARN_ENUM_CONVERSION = YES;
				CLANG_WARN_INFINITE_RECURSION = YES;
				CLANG_WARN_INT_CONVERSION = YES;
				CLANG_WARN_NON_LITERAL_NULL_CONVERSION = YES;
				CLANG_WARN_OBJC_IMPLICIT_RETAIN_SELF = YES;
				CLANG_WARN_OBJC_LITERAL_CONVERSION = YES;
				CLANG_WARN_OBJC_ROOT_CLASS = YES_ERROR;
				CLANG_WARN_QUOTED_INCLUDE_IN_FRAMEWORK_HEADER = YES;
				CLANG_WARN_RANGE_LOOP_ANALYSIS = YES;
				CLANG_WARN_STRICT_PROTOTYPES = YES;
				CLANG_WARN_SUSPICIOUS_MOVE = YES;
				CLANG_WARN_UNGUARDED_AVAILABILITY = YES_AGGRESSIVE;
				CLANG_WARN_UNREACHABLE_CODE = YES;
				CLANG_WARN__DUPLICATE_METHOD_MATCH = YES;
				COPY_PHASE_STRIP = NO;
				DEBUG_INFORMATION_FORMAT = "dwarf-with-dsym";
				ENABLE_NS_ASSERTIONS = NO;
				ENABLE_STRICT_OBJC_MSGSEND = YES;
				GCC_C_LANGUAGE_STANDARD = gnu11;
				GCC_NO_COMMON_BLOCKS = YES;
				GCC_WARN_64_TO_32_BIT_CONVERSION = YES;
				GCC_WARN_ABOUT_RETURN_TYPE = YES_ERROR;
				GCC_WARN_UNDECLARED_SELECTOR = YES;
				GCC_WARN_UNINITIALIZED_AUTOS = YES_AGGRESSIVE;
				GCC_WARN_UNUSED_FUNCTION = YES;
				GCC_WARN_UNUSED_VARIABLE = YES;
				IPHONEOS_DEPLOYMENT_TARGET = 15.5;
				MTL_ENABLE_DEBUG_INFO = NO;
				MTL_FAST_MATH = YES;
				SDKROOT = iphoneos;
				SWIFT_COMPILATION_MODE = wholemodule;
				SWIFT_OPTIMIZATION_LEVEL = "-O";
				VALIDATE_PRODUCT = YES;
			};
			name = Release;
		};
		B28356FE285E2D42009E9604 /* Debug */ = {
			isa = XCBuildConfiguration;
			buildSettings = {
				ASSETCATALOG_COMPILER_APPICON_NAME = AppIcon;
				ASSETCATALOG_COMPILER_GLOBAL_ACCENT_COLOR_NAME = AccentColor;
				CODE_SIGN_STYLE = Automatic;
				CURRENT_PROJECT_VERSION = 1;
				DEVELOPMENT_TEAM = YLHT46ZLDT;
				GENERATE_INFOPLIST_FILE = YES;
				INFOPLIST_FILE = "Netflix Clone/Info.plist";
				INFOPLIST_KEY_UIApplicationSupportsIndirectInputEvents = YES;
				INFOPLIST_KEY_UILaunchStoryboardName = LaunchScreen;
				INFOPLIST_KEY_UISupportedInterfaceOrientations_iPad = "UIInterfaceOrientationPortrait UIInterfaceOrientationPortraitUpsideDown UIInterfaceOrientationLandscapeLeft UIInterfaceOrientationLandscapeRight";
				INFOPLIST_KEY_UISupportedInterfaceOrientations_iPhone = "UIInterfaceOrientationPortrait UIInterfaceOrientationLandscapeLeft UIInterfaceOrientationLandscapeRight";
				LD_RUNPATH_SEARCH_PATHS = (
					"$(inherited)",
					"@executable_path/Frameworks",
				);
				MARKETING_VERSION = 1.0;
				PRODUCT_BUNDLE_IDENTIFIER = "com.sahilsahucode.Netflix-Clone";
				PRODUCT_NAME = "$(TARGET_NAME)";
				SWIFT_EMIT_LOC_STRINGS = YES;
				SWIFT_VERSION = 5.0;
				TARGETED_DEVICE_FAMILY = "1,2";
			};
			name = Debug;
		};
		B28356FF285E2D42009E9604 /* Release */ = {
			isa = XCBuildConfiguration;
			buildSettings = {
				ASSETCATALOG_COMPILER_APPICON_NAME = AppIcon;
				ASSETCATALOG_COMPILER_GLOBAL_ACCENT_COLOR_NAME = AccentColor;
				CODE_SIGN_STYLE = Automatic;
				CURRENT_PROJECT_VERSION = 1;
				DEVELOPMENT_TEAM = YLHT46ZLDT;
				GENERATE_INFOPLIST_FILE = YES;
				INFOPLIST_FILE = "Netflix Clone/Info.plist";
				INFOPLIST_KEY_UIApplicationSupportsIndirectInputEvents = YES;
				INFOPLIST_KEY_UILaunchStoryboardName = LaunchScreen;
				INFOPLIST_KEY_UISupportedInterfaceOrientations_iPad = "UIInterfaceOrientationPortrait UIInterfaceOrientationPortraitUpsideDown UIInterfaceOrientationLandscapeLeft UIInterfaceOrientationLandscapeRight";
				INFOPLIST_KEY_UISupportedInterfaceOrientations_iPhone = "UIInterfaceOrientationPortrait UIInterfaceOrientationLandscapeLeft UIInterfaceOrientationLandscapeRight";
				LD_RUNPATH_SEARCH_PATHS = (
					"$(inherited)",
					"@executable_path/Frameworks",
				);
				MARKETING_VERSION = 1.0;
				PRODUCT_BUNDLE_IDENTIFIER = "com.sahilsahucode.Netflix-Clone";
				PRODUCT_NAME = "$(TARGET_NAME)";
				SWIFT_EMIT_LOC_STRINGS = YES;
				SWIFT_VERSION = 5.0;
				TARGETED_DEVICE_FAMILY = "1,2";
			};
			name = Release;
		};
/* End XCBuildConfiguration section */

/* Begin XCConfigurationList section */
		B28356E4285E2D40009E9604 /* Build configuration list for PBXProject "Netflix Clone" */ = {
			isa = XCConfigurationList;
			buildConfigurations = (
				B28356FB285E2D42009E9604 /* Debug */,
				B28356FC285E2D42009E9604 /* Release */,
			);
			defaultConfigurationIsVisible = 0;
			defaultConfigurationName = Release;
		};
		B28356FD285E2D42009E9604 /* Build configuration list for PBXNativeTarget "Netflix Clone" */ = {
			isa = XCConfigurationList;
			buildConfigurations = (
				B28356FE285E2D42009E9604 /* Debug */,
				B28356FF285E2D42009E9604 /* Release */,
			);
			defaultConfigurationIsVisible = 0;
			defaultConfigurationName = Release;
		};
/* End XCConfigurationList section */

/* Begin XCRemoteSwiftPackageReference section */
		B29C381428918FF5000408C6 /* XCRemoteSwiftPackageReference "SDWebImage" */ = {
			isa = XCRemoteSwiftPackageReference;
			repositoryURL = "https://github.com/SDWebImage/SDWebImage.git";
			requirement = {
				branch = master;
				kind = branch;
			};
		};
/* End XCRemoteSwiftPackageReference section */

/* Begin XCSwiftPackageProductDependency section */
		B29C381528918FF5000408C6 /* SDWebImage */ = {
			isa = XCSwiftPackageProductDependency;
			package = B29C381428918FF5000408C6 /* XCRemoteSwiftPackageReference "SDWebImage" */;
			productName = SDWebImage;
		};
		B29C381728918FF5000408C6 /* SDWebImageMapKit */ = {
			isa = XCSwiftPackageProductDependency;
			package = B29C381428918FF5000408C6 /* XCRemoteSwiftPackageReference "SDWebImage" */;
			productName = SDWebImageMapKit;
		};
/* End XCSwiftPackageProductDependency section */
	};
	rootObject = B28356E1285E2D40009E9604 /* Project object */;
}
